
Microsoft Visual Studio Solution File, Format Version 12.00
# Visual Studio 15
VisualStudioVersion = 15.0.26403.7
MinimumVisualStudioVersion = 10.0.40219.1
Project("{FAE04EC0-301F-11D3-BF4B-00C04F79EFBC}") = "hook", "hook\hook.csproj", "{D5FD342D-249E-4311-B1DA-FD3E6D476A04}"
	ProjectSection(ProjectDependencies) = postProject
		{519557C7-E1C3-4729-BBA2-6F1D3B691F5A} = {519557C7-E1C3-4729-BBA2-6F1D3B691F5A}
	EndProjectSection
EndProject
Project("{FAE04EC0-301F-11D3-BF4B-00C04F79EFBC}") = "SapphireActorCapture", "SapphireActorCapture\SapphireActorCapture.csproj", "{519557C7-E1C3-4729-BBA2-6F1D3B691F5A}"
EndProject
Project("{FAE04EC0-301F-11D3-BF4B-00C04F79EFBC}") = "ScriptGenerator", "ScriptGenerator\ScriptGenerator.csproj", "{E3D5EC64-F5D5-40A9-9821-711FFD503BEC}"
EndProject
Project("{FAE04EC0-301F-11D3-BF4B-00C04F79EFBC}") = "Common", "Common\Common.csproj", "{7848651E-5A0D-4EF3-A2EE-B1D9ACD7DE8F}"
EndProject
Global
	GlobalSection(SolutionConfigurationPlatforms) = preSolution
		Debug|Any CPU = Debug|Any CPU
		Release|Any CPU = Release|Any CPU
	EndGlobalSection
	GlobalSection(ProjectConfigurationPlatforms) = postSolution
		{D5FD342D-249E-4311-B1DA-FD3E6D476A04}.Debug|Any CPU.ActiveCfg = Debug|Any CPU
		{D5FD342D-249E-4311-B1DA-FD3E6D476A04}.Debug|Any CPU.Build.0 = Debug|Any CPU
		{D5FD342D-249E-4311-B1DA-FD3E6D476A04}.Release|Any CPU.ActiveCfg = Release|Any CPU
		{D5FD342D-249E-4311-B1DA-FD3E6D476A04}.Release|Any CPU.Build.0 = Release|Any CPU
		{519557C7-E1C3-4729-BBA2-6F1D3B691F5A}.Debug|Any CPU.ActiveCfg = Debug|Any CPU
		{519557C7-E1C3-4729-BBA2-6F1D3B691F5A}.Debug|Any CPU.Build.0 = Debug|Any CPU
		{519557C7-E1C3-4729-BBA2-6F1D3B691F5A}.Release|Any CPU.ActiveCfg = Release|Any CPU
		{519557C7-E1C3-4729-BBA2-6F1D3B691F5A}.Release|Any CPU.Build.0 = Release|Any CPU
		{E3D5EC64-F5D5-40A9-9821-711FFD503BEC}.Debug|Any CPU.ActiveCfg = Debug|Any CPU
		{E3D5EC64-F5D5-40A9-9821-711FFD503BEC}.Debug|Any CPU.Build.0 = Debug|Any CPU
		{E3D5EC64-F5D5-40A9-9821-711FFD503BEC}.Release|Any CPU.ActiveCfg = Release|Any CPU
		{E3D5EC64-F5D5-40A9-9821-711FFD503BEC}.Release|Any CPU.Build.0 = Release|Any CPU
		{7848651E-5A0D-4EF3-A2EE-B1D9ACD7DE8F}.Debug|Any CPU.ActiveCfg = Debug|Any CPU
		{7848651E-5A0D-4EF3-A2EE-B1D9ACD7DE8F}.Debug|Any CPU.Build.0 = Debug|Any CPU
		{7848651E-5A0D-4EF3-A2EE-B1D9ACD7DE8F}.Release|Any CPU.ActiveCfg = Release|Any CPU
		{7848651E-5A0D-4EF3-A2EE-B1D9ACD7DE8F}.Release|Any CPU.Build.0 = Release|Any CPU
	EndGlobalSection
	GlobalSection(SolutionProperties) = preSolution
		HideSolutionNode = FALSE
	EndGlobalSection
EndGlobal
